
Microsoft Visual Studio Solution File, Format Version 12.00
# Visual Studio 15
VisualStudioVersion = 15.0.28307.489
MinimumVisualStudioVersion = 10.0.40219.1
Project("{FAE04EC0-301F-11D3-BF4B-00C04F79EFBC}") = "FilesSizeReader", "FilesSizeReader\FilesSizeReader.csproj", "{3CE269F3-7131-466C-A0BF-4E2AA7DF074A}"
EndProject
Global
	GlobalSection(SolutionConfigurationPlatforms) = preSolution
		Debug|Any CPU = Debug|Any CPU
		Release|Any CPU = Release|Any CPU
	EndGlobalSection
	GlobalSection(ProjectConfigurationPlatforms) = postSolution
		{3CE269F3-7131-466C-A0BF-4E2AA7DF074A}.Debug|Any CPU.ActiveCfg = Debug|Any CPU
		{3CE269F3-7131-466C-A0BF-4E2AA7DF074A}.Debug|Any CPU.Build.0 = Debug|Any CPU
		{3CE269F3-7131-466C-A0BF-4E2AA7DF074A}.Release|Any CPU.ActiveCfg = Release|Any CPU
		{3CE269F3-7131-466C-A0BF-4E2AA7DF074A}.Release|Any CPU.Build.0 = Release|Any CPU
	EndGlobalSection
	GlobalSection(SolutionProperties) = preSolution
		HideSolutionNode = FALSE
	EndGlobalSection
	GlobalSection(ExtensibilityGlobals) = postSolution
		SolutionGuid = {1513556B-67CE-4D57-BADA-74ED55C5CC97}
	EndGlobalSection
EndGlobal
